
Microsoft Visual Studio Solution File, Format Version 12.00
# Visual Studio Version 16
VisualStudioVersion = 16.0.31105.61
MinimumVisualStudioVersion = 10.0.40219.1
Project("{9A19103F-16F7-4668-BE54-9A1E7A4F7556}") = "2 - E-CODING-Service-Abstraction", "2 - E-CODING-Service-Abstraction.csproj", "{D8A509F9-BA62-46EF-8F0B-BFDEFC3980D9}"
EndProject
Global
	GlobalSection(SolutionConfigurationPlatforms) = preSolution
		Debug|Any CPU = Debug|Any CPU
		Release|Any CPU = Release|Any CPU
	EndGlobalSection
	GlobalSection(ProjectConfigurationPlatforms) = postSolution
		{D8A509F9-BA62-46EF-8F0B-BFDEFC3980D9}.Debug|Any CPU.ActiveCfg = Debug|Any CPU
		{D8A509F9-BA62-46EF-8F0B-BFDEFC3980D9}.Debug|Any CPU.Build.0 = Debug|Any CPU
		{D8A509F9-BA62-46EF-8F0B-BFDEFC3980D9}.Release|Any CPU.ActiveCfg = Release|Any CPU
		{D8A509F9-BA62-46EF-8F0B-BFDEFC3980D9}.Release|Any CPU.Build.0 = Release|Any CPU
	EndGlobalSection
	GlobalSection(SolutionProperties) = preSolution
		HideSolutionNode = FALSE
	EndGlobalSection
	GlobalSection(ExtensibilityGlobals) = postSolution
		SolutionGuid = {5E7764FC-C2DA-41AF-BBF6-055BD5050EA5}
	EndGlobalSection
EndGlobal
